<?xml version="1.0" encoding="utf-8"?>
<Project ToolsVersion="4.0" xmlns="http://schemas.microsoft.com/developer/msbuild/2003">
  <ItemGroup>
    <Filter Include="amx">
      <UniqueIdentifier>{5940dfd7-6123-4984-b1ff-5218df41c57f}</UniqueIdentifier>
    </Filter>
  </ItemGroup>
  <ItemGroup>
    <ClInclude Include="SDK\amx\amx.h">
      <Filter>amx</Filter>
    </ClInclude>
    <ClInclude Include="SDK\amx\getch.h">
      <Filter>amx</Filter>
    </ClInclude>
    <ClInclude Include="SDK\plugin.h">
      <Filter>amx</Filter>
    </ClInclude>
    <ClInclude Include="SDK\plugincommon.h">
      <Filter>amx</Filter>
    </ClInclude>
    <ClInclude Include="SDK\amx\sclinux.h">
      <Filter>amx</Filter>
    </ClInclude>
    <ClInclude Include="array.h" />
    <ClInclude Include="data.h" />
    <ClInclude Include="enum.h" />
    <ClInclude Include="specifiers.h" />
    <ClInclude Include="sscanf.h" />
    <ClInclude Include="utils.h" />
  </ItemGroup>
  <ItemGroup>
    <ClCompile Include="SDK\amxplugin.cpp">
      <Filter>amx</Filter>
    </ClCompile>
    <ClCompile Include="SDK\amx\getch.c">
      <Filter>amx</Filter>
    </ClCompile>
    <ClCompile Include="array.cpp" />
    <ClCompile Include="data.cpp" />
    <ClCompile Include="enum.cpp" />
    <ClCompile Include="specifiers.cpp" />
    <ClCompile Include="sscanf.cpp" />
    <ClCompile Include="utils.cpp" />
    <ClCompile Include="kustom.cpp" />
  </ItemGroup>
  <ItemGroup>
    <None Include="YSF.def">
      <Filter>amx</Filter>
    </None>
  </ItemGroup>
</Project>